
Microsoft Visual Studio Solution File, Format Version 12.00
# Visual Studio 15
VisualStudioVersion = 15.0.27130.2027
MinimumVisualStudioVersion = 10.0.40219.1
Project("{FAE04EC0-301F-11D3-BF4B-00C04F79EFBC}") = "InventoryManagement", "InventoryManagement\InventoryManagement.csproj", "{1A766E95-29C0-4CFA-8A85-E6A9D8005B88}"
EndProject
Global
	GlobalSection(SolutionConfigurationPlatforms) = preSolution
		Debug|Any CPU = Debug|Any CPU
		Release|Any CPU = Release|Any CPU
	EndGlobalSection
	GlobalSection(ProjectConfigurationPlatforms) = postSolution
		{1A766E95-29C0-4CFA-8A85-E6A9D8005B88}.Debug|Any CPU.ActiveCfg = Debug|Any CPU
		{1A766E95-29C0-4CFA-8A85-E6A9D8005B88}.Debug|Any CPU.Build.0 = Debug|Any CPU
		{1A766E95-29C0-4CFA-8A85-E6A9D8005B88}.Release|Any CPU.ActiveCfg = Release|Any CPU
		{1A766E95-29C0-4CFA-8A85-E6A9D8005B88}.Release|Any CPU.Build.0 = Release|Any CPU
	EndGlobalSection
	GlobalSection(SolutionProperties) = preSolution
		HideSolutionNode = FALSE
	EndGlobalSection
	GlobalSection(ExtensibilityGlobals) = postSolution
		SolutionGuid = {5C43B1C6-5796-4709-9F7C-4C17CA07CEDE}
	EndGlobalSection
EndGlobal
